
Microsoft Visual Studio Solution File, Format Version 12.00
# Visual Studio Version 17
VisualStudioVersion = 17.10.34916.146
MinimumVisualStudioVersion = 10.0.40219.1
Project("{8BC9CEB8-8B4A-11D0-8D11-00A0C91BC942}") = "Zad_A", "Lab_10_Ksiazek.vcxproj", "{0F62AB0C-736C-4321-9D34-FF9F83696B53}"
EndProject
Project("{8BC9CEB8-8B4A-11D0-8D11-00A0C91BC942}") = "Zad_B", "..\Zad_B\Zad_B.vcxproj", "{E9E5B81B-4889-4206-B056-C0AFF3313CBF}"
EndProject
Project("{8BC9CEB8-8B4A-11D0-8D11-00A0C91BC942}") = "NameSpaces", "..\Lab_10_Info\Lab_10_Info.vcxproj", "{A7ECA62E-3009-48F8-ADD9-43FBDB5B5104}"
EndProject
Project("{8BC9CEB8-8B4A-11D0-8D11-00A0C91BC942}") = "ClassTemplates", "..\ClassTemplates\ClassTemplates.vcxproj", "{F0324780-BEFC-4503-9A6B-8DB1245B82BC}"
EndProject
Project("{8BC9CEB8-8B4A-11D0-8D11-00A0C91BC942}") = "STL-VECTOR", "..\STL-VECTOR\STL-VECTOR.vcxproj", "{FA1A2731-9B65-4014-9048-CBD61975C1DD}"
EndProject
Project("{8BC9CEB8-8B4A-11D0-8D11-00A0C91BC942}") = "STL-ITERATORY", "..\STL-ITERATORY\STL-ITERATORY.vcxproj", "{F5CF80CD-C552-476A-A0DB-144DF419F2F9}"
EndProject
Project("{8BC9CEB8-8B4A-11D0-8D11-00A0C91BC942}") = "STL-FORWARD_LIST", "..\STL-FORWARD_LIST\STL-FORWARD_LIST.vcxproj", "{B096ABCE-FD22-42B4-BF4D-17108433A31C}"
EndProject
Project("{8BC9CEB8-8B4A-11D0-8D11-00A0C91BC942}") = "STL-ALGORITHM", "..\STL-ALGORITHM\STL-ALGORITHM.vcxproj", "{937224BA-7944-4ACA-8CC5-F697AD426C1E}"
EndProject
Project("{8BC9CEB8-8B4A-11D0-8D11-00A0C91BC942}") = "STL-INTELIGENT_POIONTERS", "..\STL-SMART_POINTERY\STL-SMART_POINTERY.vcxproj", "{06402F31-929A-4221-81D5-E36FED889EBB}"
EndProject
Global
	GlobalSection(SolutionConfigurationPlatforms) = preSolution
		Debug|x64 = Debug|x64
		Debug|x86 = Debug|x86
		Release|x64 = Release|x64
		Release|x86 = Release|x86
	EndGlobalSection
	GlobalSection(ProjectConfigurationPlatforms) = postSolution
		{0F62AB0C-736C-4321-9D34-FF9F83696B53}.Debug|x64.ActiveCfg = Debug|x64
		{0F62AB0C-736C-4321-9D34-FF9F83696B53}.Debug|x64.Build.0 = Debug|x64
		{0F62AB0C-736C-4321-9D34-FF9F83696B53}.Debug|x86.ActiveCfg = Debug|Win32
		{0F62AB0C-736C-4321-9D34-FF9F83696B53}.Debug|x86.Build.0 = Debug|Win32
		{0F62AB0C-736C-4321-9D34-FF9F83696B53}.Release|x64.ActiveCfg = Release|x64
		{0F62AB0C-736C-4321-9D34-FF9F83696B53}.Release|x64.Build.0 = Release|x64
		{0F62AB0C-736C-4321-9D34-FF9F83696B53}.Release|x86.ActiveCfg = Release|Win32
		{0F62AB0C-736C-4321-9D34-FF9F83696B53}.Release|x86.Build.0 = Release|Win32
		{E9E5B81B-4889-4206-B056-C0AFF3313CBF}.Debug|x64.ActiveCfg = Debug|x64
		{E9E5B81B-4889-4206-B056-C0AFF3313CBF}.Debug|x64.Build.0 = Debug|x64
		{E9E5B81B-4889-4206-B056-C0AFF3313CBF}.Debug|x86.ActiveCfg = Debug|Win32
		{E9E5B81B-4889-4206-B056-C0AFF3313CBF}.Debug|x86.Build.0 = Debug|Win32
		{E9E5B81B-4889-4206-B056-C0AFF3313CBF}.Release|x64.ActiveCfg = Release|x64
		{E9E5B81B-4889-4206-B056-C0AFF3313CBF}.Release|x64.Build.0 = Release|x64
		{E9E5B81B-4889-4206-B056-C0AFF3313CBF}.Release|x86.ActiveCfg = Release|Win32
		{E9E5B81B-4889-4206-B056-C0AFF3313CBF}.Release|x86.Build.0 = Release|Win32
		{A7ECA62E-3009-48F8-ADD9-43FBDB5B5104}.Debug|x64.ActiveCfg = Debug|x64
		{A7ECA62E-3009-48F8-ADD9-43FBDB5B5104}.Debug|x64.Build.0 = Debug|x64
		{A7ECA62E-3009-48F8-ADD9-43FBDB5B5104}.Debug|x86.ActiveCfg = Debug|Win32
		{A7ECA62E-3009-48F8-ADD9-43FBDB5B5104}.Debug|x86.Build.0 = Debug|Win32
		{A7ECA62E-3009-48F8-ADD9-43FBDB5B5104}.Release|x64.ActiveCfg = Release|x64
		{A7ECA62E-3009-48F8-ADD9-43FBDB5B5104}.Release|x64.Build.0 = Release|x64
		{A7ECA62E-3009-48F8-ADD9-43FBDB5B5104}.Release|x86.ActiveCfg = Release|Win32
		{A7ECA62E-3009-48F8-ADD9-43FBDB5B5104}.Release|x86.Build.0 = Release|Win32
		{F0324780-BEFC-4503-9A6B-8DB1245B82BC}.Debug|x64.ActiveCfg = Debug|x64
		{F0324780-BEFC-4503-9A6B-8DB1245B82BC}.Debug|x64.Build.0 = Debug|x64
		{F0324780-BEFC-4503-9A6B-8DB1245B82BC}.Debug|x86.ActiveCfg = Debug|Win32
		{F0324780-BEFC-4503-9A6B-8DB1245B82BC}.Debug|x86.Build.0 = Debug|Win32
		{F0324780-BEFC-4503-9A6B-8DB1245B82BC}.Release|x64.ActiveCfg = Release|x64
		{F0324780-BEFC-4503-9A6B-8DB1245B82BC}.Release|x64.Build.0 = Release|x64
		{F0324780-BEFC-4503-9A6B-8DB1245B82BC}.Release|x86.ActiveCfg = Release|Win32
		{F0324780-BEFC-4503-9A6B-8DB1245B82BC}.Release|x86.Build.0 = Release|Win32
		{FA1A2731-9B65-4014-9048-CBD61975C1DD}.Debug|x64.ActiveCfg = Debug|x64
		{FA1A2731-9B65-4014-9048-CBD61975C1DD}.Debug|x64.Build.0 = Debug|x64
		{FA1A2731-9B65-4014-9048-CBD61975C1DD}.Debug|x86.ActiveCfg = Debug|Win32
		{FA1A2731-9B65-4014-9048-CBD61975C1DD}.Debug|x86.Build.0 = Debug|Win32
		{FA1A2731-9B65-4014-9048-CBD61975C1DD}.Release|x64.ActiveCfg = Release|x64
		{FA1A2731-9B65-4014-9048-CBD61975C1DD}.Release|x64.Build.0 = Release|x64
		{FA1A2731-9B65-4014-9048-CBD61975C1DD}.Release|x86.ActiveCfg = Release|Win32
		{FA1A2731-9B65-4014-9048-CBD61975C1DD}.Release|x86.Build.0 = Release|Win32
		{F5CF80CD-C552-476A-A0DB-144DF419F2F9}.Debug|x64.ActiveCfg = Debug|x64
		{F5CF80CD-C552-476A-A0DB-144DF419F2F9}.Debug|x64.Build.0 = Debug|x64
		{F5CF80CD-C552-476A-A0DB-144DF419F2F9}.Debug|x86.ActiveCfg = Debug|Win32
		{F5CF80CD-C552-476A-A0DB-144DF419F2F9}.Debug|x86.Build.0 = Debug|Win32
		{F5CF80CD-C552-476A-A0DB-144DF419F2F9}.Release|x64.ActiveCfg = Release|x64
		{F5CF80CD-C552-476A-A0DB-144DF419F2F9}.Release|x64.Build.0 = Release|x64
		{F5CF80CD-C552-476A-A0DB-144DF419F2F9}.Release|x86.ActiveCfg = Release|Win32
		{F5CF80CD-C552-476A-A0DB-144DF419F2F9}.Release|x86.Build.0 = Release|Win32
		{B096ABCE-FD22-42B4-BF4D-17108433A31C}.Debug|x64.ActiveCfg = Debug|x64
		{B096ABCE-FD22-42B4-BF4D-17108433A31C}.Debug|x64.Build.0 = Debug|x64
		{B096ABCE-FD22-42B4-BF4D-17108433A31C}.Debug|x86.ActiveCfg = Debug|Win32
		{B096ABCE-FD22-42B4-BF4D-17108433A31C}.Debug|x86.Build.0 = Debug|Win32
		{B096ABCE-FD22-42B4-BF4D-17108433A31C}.Release|x64.ActiveCfg = Release|x64
		{B096ABCE-FD22-42B4-BF4D-17108433A31C}.Release|x64.Build.0 = Release|x64
		{B096ABCE-FD22-42B4-BF4D-17108433A31C}.Release|x86.ActiveCfg = Release|Win32
		{B096ABCE-FD22-42B4-BF4D-17108433A31C}.Release|x86.Build.0 = Release|Win32
		{937224BA-7944-4ACA-8CC5-F697AD426C1E}.Debug|x64.ActiveCfg = Debug|x64
		{937224BA-7944-4ACA-8CC5-F697AD426C1E}.Debug|x64.Build.0 = Debug|x64
		{937224BA-7944-4ACA-8CC5-F697AD426C1E}.Debug|x86.ActiveCfg = Debug|Win32
		{937224BA-7944-4ACA-8CC5-F697AD426C1E}.Debug|x86.Build.0 = Debug|Win32
		{937224BA-7944-4ACA-8CC5-F697AD426C1E}.Release|x64.ActiveCfg = Release|x64
		{937224BA-7944-4ACA-8CC5-F697AD426C1E}.Release|x64.Build.0 = Release|x64
		{937224BA-7944-4ACA-8CC5-F697AD426C1E}.Release|x86.ActiveCfg = Release|Win32
		{937224BA-7944-4ACA-8CC5-F697AD426C1E}.Release|x86.Build.0 = Release|Win32
		{06402F31-929A-4221-81D5-E36FED889EBB}.Debug|x64.ActiveCfg = Debug|x64
		{06402F31-929A-4221-81D5-E36FED889EBB}.Debug|x64.Build.0 = Debug|x64
		{06402F31-929A-4221-81D5-E36FED889EBB}.Debug|x86.ActiveCfg = Debug|Win32
		{06402F31-929A-4221-81D5-E36FED889EBB}.Debug|x86.Build.0 = Debug|Win32
		{06402F31-929A-4221-81D5-E36FED889EBB}.Release|x64.ActiveCfg = Release|x64
		{06402F31-929A-4221-81D5-E36FED889EBB}.Release|x64.Build.0 = Release|x64
		{06402F31-929A-4221-81D5-E36FED889EBB}.Release|x86.ActiveCfg = Release|Win32
		{06402F31-929A-4221-81D5-E36FED889EBB}.Release|x86.Build.0 = Release|Win32
	EndGlobalSection
	GlobalSection(SolutionProperties) = preSolution
		HideSolutionNode = FALSE
	EndGlobalSection
	GlobalSection(ExtensibilityGlobals) = postSolution
		SolutionGuid = {1E9016E7-FEA9-4D9B-8F41-64196DA2346F}
	EndGlobalSection
EndGlobal
